
Microsoft Visual Studio Solution File, Format Version 12.00
# Visual Studio Version 17
VisualStudioVersion = 17.13.35913.81 d17.13
MinimumVisualStudioVersion = 10.0.40219.1
Project("{FAE04EC0-301F-11D3-BF4B-00C04F79EFBC}") = "HospitalApp", "HospitalApp\HospitalApp.csproj", "{4FB55388-548B-4657-A2CB-BCA87918C209}"
EndProject
Global
	GlobalSection(SolutionConfigurationPlatforms) = preSolution
		Debug|Any CPU = Debug|Any CPU
		Release|Any CPU = Release|Any CPU
	EndGlobalSection
	GlobalSection(ProjectConfigurationPlatforms) = postSolution
		{4FB55388-548B-4657-A2CB-BCA87918C209}.Debug|Any CPU.ActiveCfg = Debug|Any CPU
		{4FB55388-548B-4657-A2CB-BCA87918C209}.Debug|Any CPU.Build.0 = Debug|Any CPU
		{4FB55388-548B-4657-A2CB-BCA87918C209}.Release|Any CPU.ActiveCfg = Release|Any CPU
		{4FB55388-548B-4657-A2CB-BCA87918C209}.Release|Any CPU.Build.0 = Release|Any CPU
	EndGlobalSection
	GlobalSection(SolutionProperties) = preSolution
		HideSolutionNode = FALSE
	EndGlobalSection
	GlobalSection(ExtensibilityGlobals) = postSolution
		SolutionGuid = {4FEC7B61-5DCF-4DC6-B5C6-732240244645}
	EndGlobalSection
EndGlobal
